{
  "originHash" : "cb1a01b8b7faaaacaf4deb855994075a9f7a4247f461a056c5d906f3d66b2f42",
  "pins" : [
    {
      "identity" : "design-system",
      "kind" : "remoteSourceControl",
      "location" : "https://github.com/QenTerra/design-system.git",
      "state" : {
        "revision" : "6f164006e577063a90b0dc7c23283eb34d3e50b4",
        "version" : "1.0.2"
      }
    },
    {
      "identity" : "grdb.swift",
      "kind" : "remoteSourceControl",
      "location" : "https://github.com/groue/GRDB.swift.git",
      "state" : {
        "revision" : "b83108d10f42680d78f23fe4d4d80fc88dab3212",
        "version" : "7.11.1"
      }
    },
    {
      "identity" : "sparkle",
      "kind" : "remoteSourceControl",
      "location" : "https://github.com/sparkle-project/Sparkle.git",
      "state" : {
        "revision" : "ac2def288cbff5cfc7df3ffef6abdf45b72bcb0a",
        "version" : "2.9.6"
      }
    }
  ],
  "version" : 3
}
