{
  "originHash" : "585d51930779da965507a25c57366a3c6f897c0a275c614ec640c0840d520ad4",
  "pins" : [
    {
      "identity" : "appauth-ios",
      "kind" : "remoteSourceControl",
      "location" : "https://github.com/openid/AppAuth-iOS.git",
      "state" : {
        "revision" : "a972daac82d449d58ab119e91c68153e29ddac33",
        "version" : "3.0.0"
      }
    },
    {
      "identity" : "design-system",
      "kind" : "remoteSourceControl",
      "location" : "https://github.com/QenTerra/design-system.git",
      "state" : {
        "revision" : "1d677a2c6bfc4c6def8971f4151c77635f1b958d",
        "version" : "2.0.0"
      }
    },
    {
      "identity" : "grdb.swift",
      "kind" : "remoteSourceControl",
      "location" : "https://github.com/groue/GRDB.swift.git",
      "state" : {
        "revision" : "b83108d10f42680d78f23fe4d4d80fc88dab3212",
        "version" : "7.11.1"
      }
    },
    {
      "identity" : "sparkle",
      "kind" : "remoteSourceControl",
      "location" : "https://github.com/sparkle-project/Sparkle.git",
      "state" : {
        "revision" : "ac2def288cbff5cfc7df3ffef6abdf45b72bcb0a",
        "version" : "2.9.6"
      }
    }
  ],
  "version" : 3
}
